
Microsoft Visual Studio Solution File, Format Version 12.00
# Visual Studio Version 16
VisualStudioVersion = 16.0.31424.327
MinimumVisualStudioVersion = 10.0.40219.1
Project("{888888A0-9F3D-457C-B088-3A5042F75D52}") = "Bank", "Bank\Bank.pyproj", "{E6341BAE-08E1-405A-9986-FC2D8007B724}"
EndProject
Global
	GlobalSection(SolutionConfigurationPlatforms) = preSolution
		Debug|Any CPU = Debug|Any CPU
		Release|Any CPU = Release|Any CPU
	EndGlobalSection
	GlobalSection(ProjectConfigurationPlatforms) = postSolution
		{E6341BAE-08E1-405A-9986-FC2D8007B724}.Debug|Any CPU.ActiveCfg = Debug|Any CPU
		{E6341BAE-08E1-405A-9986-FC2D8007B724}.Release|Any CPU.ActiveCfg = Release|Any CPU
	EndGlobalSection
	GlobalSection(SolutionProperties) = preSolution
		HideSolutionNode = FALSE
	EndGlobalSection
	GlobalSection(ExtensibilityGlobals) = postSolution
		SolutionGuid = {3D67D4F1-8DF4-4084-819C-9E6F9E5825EA}
	EndGlobalSection
EndGlobal
